// !$*UTF8*$!
{
	archiveVersion = 1;
	classes = {
	};
	objectVersion = 45;
	objects = {

/* Begin PBXAggregateTarget section */
		24416B8111C4CA220047AFDD /* Build & Test */ = {
			isa = PBXAggregateTarget;
			buildConfigurationList = 24416B8A11C4CA520047AFDD /* Build configuration list for PBXAggregateTarget "Build & Test" */;
			buildPhases = (
				24416B8011C4CA220047AFDD /* ShellScript */,
			);
			dependencies = (
				24416B8511C4CA280047AFDD /* PBXTargetDependency */,
			);
			name = "Build & Test";
			productName = "Build & test";
		};
/* End PBXAggregateTarget section */

/* Begin PBXBuildFile section */
		24DD6CF91134B3F500162E58 /* ComGoogleCodeTibarModule.h in Headers */ = {isa = PBXBuildFile; fileRef = 24DD6CF71134B3F500162E58 /* ComGoogleCodeTibarModule.h */; };
		24DD6CFA1134B3F500162E58 /* ComGoogleCodeTibarModule.m in Sources */ = {isa = PBXBuildFile; fileRef = 24DD6CF81134B3F500162E58 /* ComGoogleCodeTibarModule.m */; };
		24DE9E1111C5FE74003F90F6 /* ComGoogleCodeTibarModuleAssets.h in Headers */ = {isa = PBXBuildFile; fileRef = 24DE9E0F11C5FE74003F90F6 /* ComGoogleCodeTibarModuleAssets.h */; };
		24DE9E1211C5FE74003F90F6 /* ComGoogleCodeTibarModuleAssets.m in Sources */ = {isa = PBXBuildFile; fileRef = 24DE9E1011C5FE74003F90F6 /* ComGoogleCodeTibarModuleAssets.m */; };
		2FB2CE2A12884A39004A4390 /* AVFoundation.framework in Frameworks */ = {isa = PBXBuildFile; fileRef = 2FB2CE2912884A39004A4390 /* AVFoundation.framework */; };
		2FB2CE2C12884A39004A4390 /* CoreMedia.framework in Frameworks */ = {isa = PBXBuildFile; fileRef = 2FB2CE2B12884A39004A4390 /* CoreMedia.framework */; };
		2FB2CE2E12884A39004A4390 /* CoreVideo.framework in Frameworks */ = {isa = PBXBuildFile; fileRef = 2FB2CE2D12884A39004A4390 /* CoreVideo.framework */; };
		2FB2CE3012884A39004A4390 /* QuartzCore.framework in Frameworks */ = {isa = PBXBuildFile; fileRef = 2FB2CE2F12884A39004A4390 /* QuartzCore.framework */; };
		2FB2CE3212884A39004A4390 /* libiconv.dylib in Frameworks */ = {isa = PBXBuildFile; fileRef = 2FB2CE3112884A39004A4390 /* libiconv.dylib */; };
		2FB2CE6E12884CA0004A4390 /* Decoder.h in Headers */ = {isa = PBXBuildFile; fileRef = 2FB2CE5612884C9F004A4390 /* Decoder.h */; };
		2FB2CE6F12884CA0004A4390 /* Exception.h in Headers */ = {isa = PBXBuildFile; fileRef = 2FB2CE5712884C9F004A4390 /* Exception.h */; };
		2FB2CE7012884CA0004A4390 /* Image.h in Headers */ = {isa = PBXBuildFile; fileRef = 2FB2CE5812884C9F004A4390 /* Image.h */; };
		2FB2CE7112884CA0004A4390 /* ImageScanner.h in Headers */ = {isa = PBXBuildFile; fileRef = 2FB2CE5912884C9F004A4390 /* ImageScanner.h */; };
		2FB2CE7212884CA0004A4390 /* Processor.h in Headers */ = {isa = PBXBuildFile; fileRef = 2FB2CE5A12884C9F004A4390 /* Processor.h */; };
		2FB2CE7312884CA0004A4390 /* Scanner.h in Headers */ = {isa = PBXBuildFile; fileRef = 2FB2CE5B12884C9F004A4390 /* Scanner.h */; };
		2FB2CE7412884CA0004A4390 /* Symbol.h in Headers */ = {isa = PBXBuildFile; fileRef = 2FB2CE5C12884C9F004A4390 /* Symbol.h */; };
		2FB2CE7512884CA0004A4390 /* Video.h in Headers */ = {isa = PBXBuildFile; fileRef = 2FB2CE5D12884C9F004A4390 /* Video.h */; };
		2FB2CE7612884CA0004A4390 /* Window.h in Headers */ = {isa = PBXBuildFile; fileRef = 2FB2CE5E12884C9F004A4390 /* Window.h */; };
		2FB2CE7712884CA0004A4390 /* zbar.h in Headers */ = {isa = PBXBuildFile; fileRef = 2FB2CE5F12884C9F004A4390 /* zbar.h */; };
		2FB2CE7812884CA0004A4390 /* ZBarCaptureReader.h in Headers */ = {isa = PBXBuildFile; fileRef = 2FB2CE6012884C9F004A4390 /* ZBarCaptureReader.h */; };
		2FB2CE7912884CA0004A4390 /* ZBarImage.h in Headers */ = {isa = PBXBuildFile; fileRef = 2FB2CE6112884C9F004A4390 /* ZBarImage.h */; };
		2FB2CE7A12884CA0004A4390 /* ZBarImageScanner.h in Headers */ = {isa = PBXBuildFile; fileRef = 2FB2CE6212884C9F004A4390 /* ZBarImageScanner.h */; };
		2FB2CE7B12884CA0004A4390 /* ZBarReaderController.h in Headers */ = {isa = PBXBuildFile; fileRef = 2FB2CE6312884C9F004A4390 /* ZBarReaderController.h */; };
		2FB2CE7C12884CA0004A4390 /* ZBarReaderView.h in Headers */ = {isa = PBXBuildFile; fileRef = 2FB2CE6412884C9F004A4390 /* ZBarReaderView.h */; };
		2FB2CE7D12884CA0004A4390 /* ZBarReaderViewController.h in Headers */ = {isa = PBXBuildFile; fileRef = 2FB2CE6512884C9F004A4390 /* ZBarReaderViewController.h */; };
		2FB2CE7E12884CA0004A4390 /* ZBarSDK.h in Headers */ = {isa = PBXBuildFile; fileRef = 2FB2CE6612884C9F004A4390 /* ZBarSDK.h */; };
		2FB2CE7F12884CA0004A4390 /* ZBarSymbol.h in Headers */ = {isa = PBXBuildFile; fileRef = 2FB2CE6712884C9F004A4390 /* ZBarSymbol.h */; };
		2FB2CE8012884CA0004A4390 /* libzbar.a in Frameworks */ = {isa = PBXBuildFile; fileRef = 2FB2CE6812884C9F004A4390 /* libzbar.a */; };
		AA747D9F0F9514B9006C5449 /* ComGoogleCodeTibar_Prefix.pch in Headers */ = {isa = PBXBuildFile; fileRef = AA747D9E0F9514B9006C5449 /* ComGoogleCodeTibar_Prefix.pch */; };
		AACBBE4A0F95108600F1A2B1 /* Foundation.framework in Frameworks */ = {isa = PBXBuildFile; fileRef = AACBBE490F95108600F1A2B1 /* Foundation.framework */; };
/* End PBXBuildFile section */

/* Begin PBXContainerItemProxy section */
		24416B8411C4CA280047AFDD /* PBXContainerItemProxy */ = {
			isa = PBXContainerItemProxy;
			containerPortal = 0867D690FE84028FC02AAC07 /* Project object */;
			proxyType = 1;
			remoteGlobalIDString = D2AAC07D0554694100DB518D;
			remoteInfo = tibar;
		};
/* End PBXContainerItemProxy section */

/* Begin PBXFileReference section */
		24DD6CF71134B3F500162E58 /* ComGoogleCodeTibarModule.h */ = {isa = PBXFileReference; fileEncoding = 4; lastKnownFileType = sourcecode.c.h; name = ComGoogleCodeTibarModule.h; path = Classes/ComGoogleCodeTibarModule.h; sourceTree = "<group>"; };
		24DD6CF81134B3F500162E58 /* ComGoogleCodeTibarModule.m */ = {isa = PBXFileReference; fileEncoding = 4; lastKnownFileType = sourcecode.c.objc; name = ComGoogleCodeTibarModule.m; path = Classes/ComGoogleCodeTibarModule.m; sourceTree = "<group>"; };
		24DD6D1B1134B66800162E58 /* titanium.xcconfig */ = {isa = PBXFileReference; fileEncoding = 4; lastKnownFileType = text.xcconfig; path = titanium.xcconfig; sourceTree = "<group>"; };
		24DE9E0F11C5FE74003F90F6 /* ComGoogleCodeTibarModuleAssets.h */ = {isa = PBXFileReference; fileEncoding = 4; lastKnownFileType = sourcecode.c.h; name = ComGoogleCodeTibarModuleAssets.h; path = Classes/ComGoogleCodeTibarModuleAssets.h; sourceTree = "<group>"; };
		24DE9E1011C5FE74003F90F6 /* ComGoogleCodeTibarModuleAssets.m */ = {isa = PBXFileReference; fileEncoding = 4; lastKnownFileType = sourcecode.c.objc; name = ComGoogleCodeTibarModuleAssets.m; path = Classes/ComGoogleCodeTibarModuleAssets.m; sourceTree = "<group>"; };
		2FB2CE2912884A39004A4390 /* AVFoundation.framework */ = {isa = PBXFileReference; lastKnownFileType = wrapper.framework; name = AVFoundation.framework; path = System/Library/Frameworks/AVFoundation.framework; sourceTree = SDKROOT; };
		2FB2CE2B12884A39004A4390 /* CoreMedia.framework */ = {isa = PBXFileReference; lastKnownFileType = wrapper.framework; name = CoreMedia.framework; path = System/Library/Frameworks/CoreMedia.framework; sourceTree = SDKROOT; };
		2FB2CE2D12884A39004A4390 /* CoreVideo.framework */ = {isa = PBXFileReference; lastKnownFileType = wrapper.framework; name = CoreVideo.framework; path = System/Library/Frameworks/CoreVideo.framework; sourceTree = SDKROOT; };
		2FB2CE2F12884A39004A4390 /* QuartzCore.framework */ = {isa = PBXFileReference; lastKnownFileType = wrapper.framework; name = QuartzCore.framework; path = System/Library/Frameworks/QuartzCore.framework; sourceTree = SDKROOT; };
		2FB2CE3112884A39004A4390 /* libiconv.dylib */ = {isa = PBXFileReference; lastKnownFileType = "compiled.mach-o.dylib"; name = libiconv.dylib; path = usr/lib/libiconv.dylib; sourceTree = SDKROOT; };
		2FB2CE5612884C9F004A4390 /* Decoder.h */ = {isa = PBXFileReference; fileEncoding = 4; lastKnownFileType = sourcecode.c.h; path = Decoder.h; sourceTree = "<group>"; };
		2FB2CE5712884C9F004A4390 /* Exception.h */ = {isa = PBXFileReference; fileEncoding = 4; lastKnownFileType = sourcecode.c.h; path = Exception.h; sourceTree = "<group>"; };
		2FB2CE5812884C9F004A4390 /* Image.h */ = {isa = PBXFileReference; fileEncoding = 4; lastKnownFileType = sourcecode.c.h; path = Image.h; sourceTree = "<group>"; };
		2FB2CE5912884C9F004A4390 /* ImageScanner.h */ = {isa = PBXFileReference; fileEncoding = 4; lastKnownFileType = sourcecode.c.h; path = ImageScanner.h; sourceTree = "<group>"; };
		2FB2CE5A12884C9F004A4390 /* Processor.h */ = {isa = PBXFileReference; fileEncoding = 4; lastKnownFileType = sourcecode.c.h; path = Processor.h; sourceTree = "<group>"; };
		2FB2CE5B12884C9F004A4390 /* Scanner.h */ = {isa = PBXFileReference; fileEncoding = 4; lastKnownFileType = sourcecode.c.h; path = Scanner.h; sourceTree = "<group>"; };
		2FB2CE5C12884C9F004A4390 /* Symbol.h */ = {isa = PBXFileReference; fileEncoding = 4; lastKnownFileType = sourcecode.c.h; path = Symbol.h; sourceTree = "<group>"; };
		2FB2CE5D12884C9F004A4390 /* Video.h */ = {isa = PBXFileReference; fileEncoding = 4; lastKnownFileType = sourcecode.c.h; path = Video.h; sourceTree = "<group>"; };
		2FB2CE5E12884C9F004A4390 /* Window.h */ = {isa = PBXFileReference; fileEncoding = 4; lastKnownFileType = sourcecode.c.h; path = Window.h; sourceTree = "<group>"; };
		2FB2CE5F12884C9F004A4390 /* zbar.h */ = {isa = PBXFileReference; fileEncoding = 4; lastKnownFileType = sourcecode.c.h; path = zbar.h; sourceTree = "<group>"; };
		2FB2CE6012884C9F004A4390 /* ZBarCaptureReader.h */ = {isa = PBXFileReference; fileEncoding = 4; lastKnownFileType = sourcecode.c.h; path = ZBarCaptureReader.h; sourceTree = "<group>"; };
		2FB2CE6112884C9F004A4390 /* ZBarImage.h */ = {isa = PBXFileReference; fileEncoding = 4; lastKnownFileType = sourcecode.c.h; path = ZBarImage.h; sourceTree = "<group>"; };
		2FB2CE6212884C9F004A4390 /* ZBarImageScanner.h */ = {isa = PBXFileReference; fileEncoding = 4; lastKnownFileType = sourcecode.c.h; path = ZBarImageScanner.h; sourceTree = "<group>"; };
		2FB2CE6312884C9F004A4390 /* ZBarReaderController.h */ = {isa = PBXFileReference; fileEncoding = 4; lastKnownFileType = sourcecode.c.h; path = ZBarReaderController.h; sourceTree = "<group>"; };
		2FB2CE6412884C9F004A4390 /* ZBarReaderView.h */ = {isa = PBXFileReference; fileEncoding = 4; lastKnownFileType = sourcecode.c.h; path = ZBarReaderView.h; sourceTree = "<group>"; };
		2FB2CE6512884C9F004A4390 /* ZBarReaderViewController.h */ = {isa = PBXFileReference; fileEncoding = 4; lastKnownFileType = sourcecode.c.h; path = ZBarReaderViewController.h; sourceTree = "<group>"; };
		2FB2CE6612884C9F004A4390 /* ZBarSDK.h */ = {isa = PBXFileReference; fileEncoding = 4; lastKnownFileType = sourcecode.c.h; path = ZBarSDK.h; sourceTree = "<group>"; };
		2FB2CE6712884C9F004A4390 /* ZBarSymbol.h */ = {isa = PBXFileReference; fileEncoding = 4; lastKnownFileType = sourcecode.c.h; path = ZBarSymbol.h; sourceTree = "<group>"; };
		2FB2CE6812884C9F004A4390 /* libzbar.a */ = {isa = PBXFileReference; lastKnownFileType = archive.ar; path = libzbar.a; sourceTree = "<group>"; };
		2FB2CE6A12884C9F004A4390 /* zbar-back.png */ = {isa = PBXFileReference; lastKnownFileType = image.png; path = "zbar-back.png"; sourceTree = "<group>"; };
		2FB2CE6B12884CA0004A4390 /* zbar-help.html */ = {isa = PBXFileReference; fileEncoding = 4; lastKnownFileType = text.html; path = "zbar-help.html"; sourceTree = "<group>"; };
		2FB2CE6C12884CA0004A4390 /* zbar-helpicons.png */ = {isa = PBXFileReference; lastKnownFileType = image.png; path = "zbar-helpicons.png"; sourceTree = "<group>"; };
		2FB2CE6D12884CA0004A4390 /* zbar-samples.png */ = {isa = PBXFileReference; lastKnownFileType = image.png; path = "zbar-samples.png"; sourceTree = "<group>"; };
		AA747D9E0F9514B9006C5449 /* ComGoogleCodeTibar_Prefix.pch */ = {isa = PBXFileReference; fileEncoding = 4; lastKnownFileType = sourcecode.c.h; path = ComGoogleCodeTibar_Prefix.pch; sourceTree = SOURCE_ROOT; };
		AACBBE490F95108600F1A2B1 /* Foundation.framework */ = {isa = PBXFileReference; lastKnownFileType = wrapper.framework; name = Foundation.framework; path = System/Library/Frameworks/Foundation.framework; sourceTree = SDKROOT; };
		D2AAC07E0554694100DB518D /* libComGoogleCodeTibar.a */ = {isa = PBXFileReference; explicitFileType = archive.ar; includeInIndex = 0; path = libComGoogleCodeTibar.a; sourceTree = BUILT_PRODUCTS_DIR; };
/* End PBXFileReference section */

/* Begin PBXFrameworksBuildPhase section */
		D2AAC07C0554694100DB518D /* Frameworks */ = {
			isa = PBXFrameworksBuildPhase;
			buildActionMask = 2147483647;
			files = (
				AACBBE4A0F95108600F1A2B1 /* Foundation.framework in Frameworks */,
				2FB2CE2A12884A39004A4390 /* AVFoundation.framework in Frameworks */,
				2FB2CE2C12884A39004A4390 /* CoreMedia.framework in Frameworks */,
				2FB2CE2E12884A39004A4390 /* CoreVideo.framework in Frameworks */,
				2FB2CE3012884A39004A4390 /* QuartzCore.framework in Frameworks */,
				2FB2CE3212884A39004A4390 /* libiconv.dylib in Frameworks */,
				2FB2CE8012884CA0004A4390 /* libzbar.a in Frameworks */,
			);
			runOnlyForDeploymentPostprocessing = 0;
		};
/* End PBXFrameworksBuildPhase section */

/* Begin PBXGroup section */
		034768DFFF38A50411DB9C8B /* Products */ = {
			isa = PBXGroup;
			children = (
				D2AAC07E0554694100DB518D /* libComGoogleCodeTibar.a */,
			);
			name = Products;
			sourceTree = "<group>";
		};
		0867D691FE84028FC02AAC07 /* tibar */ = {
			isa = PBXGroup;
			children = (
				2FB2CE5212884C9F004A4390 /* ZBarSDK */,
				08FB77AEFE84172EC02AAC07 /* Classes */,
				32C88DFF0371C24200C91783 /* Other Sources */,
				0867D69AFE84028FC02AAC07 /* Frameworks */,
				034768DFFF38A50411DB9C8B /* Products */,
			);
			name = tibar;
			sourceTree = "<group>";
		};
		0867D69AFE84028FC02AAC07 /* Frameworks */ = {
			isa = PBXGroup;
			children = (
				AACBBE490F95108600F1A2B1 /* Foundation.framework */,
				2FB2CE2912884A39004A4390 /* AVFoundation.framework */,
				2FB2CE2B12884A39004A4390 /* CoreMedia.framework */,
				2FB2CE2D12884A39004A4390 /* CoreVideo.framework */,
				2FB2CE2F12884A39004A4390 /* QuartzCore.framework */,
				2FB2CE3112884A39004A4390 /* libiconv.dylib */,
			);
			name = Frameworks;
			sourceTree = "<group>";
		};
		08FB77AEFE84172EC02AAC07 /* Classes */ = {
			isa = PBXGroup;
			children = (
				24DE9E0F11C5FE74003F90F6 /* ComGoogleCodeTibarModuleAssets.h */,
				24DE9E1011C5FE74003F90F6 /* ComGoogleCodeTibarModuleAssets.m */,
				24DD6CF71134B3F500162E58 /* ComGoogleCodeTibarModule.h */,
				24DD6CF81134B3F500162E58 /* ComGoogleCodeTibarModule.m */,
			);
			name = Classes;
			sourceTree = "<group>";
		};
		2FB2CE5212884C9F004A4390 /* ZBarSDK */ = {
			isa = PBXGroup;
			children = (
				2FB2CE5312884C9F004A4390 /* Headers */,
				2FB2CE6812884C9F004A4390 /* libzbar.a */,
				2FB2CE6912884C9F004A4390 /* Resources */,
			);
			path = ZBarSDK;
			sourceTree = "<group>";
		};
		2FB2CE5312884C9F004A4390 /* Headers */ = {
			isa = PBXGroup;
			children = (
				2FB2CE5412884C9F004A4390 /* ZBarSDK */,
			);
			path = Headers;
			sourceTree = "<group>";
		};
		2FB2CE5412884C9F004A4390 /* ZBarSDK */ = {
			isa = PBXGroup;
			children = (
				2FB2CE5512884C9F004A4390 /* zbar */,
				2FB2CE5F12884C9F004A4390 /* zbar.h */,
				2FB2CE6012884C9F004A4390 /* ZBarCaptureReader.h */,
				2FB2CE6112884C9F004A4390 /* ZBarImage.h */,
				2FB2CE6212884C9F004A4390 /* ZBarImageScanner.h */,
				2FB2CE6312884C9F004A4390 /* ZBarReaderController.h */,
				2FB2CE6412884C9F004A4390 /* ZBarReaderView.h */,
				2FB2CE6512884C9F004A4390 /* ZBarReaderViewController.h */,
				2FB2CE6612884C9F004A4390 /* ZBarSDK.h */,
				2FB2CE6712884C9F004A4390 /* ZBarSymbol.h */,
			);
			path = ZBarSDK;
			sourceTree = "<group>";
		};
		2FB2CE5512884C9F004A4390 /* zbar */ = {
			isa = PBXGroup;
			children = (
				2FB2CE5612884C9F004A4390 /* Decoder.h */,
				2FB2CE5712884C9F004A4390 /* Exception.h */,
				2FB2CE5812884C9F004A4390 /* Image.h */,
				2FB2CE5912884C9F004A4390 /* ImageScanner.h */,
				2FB2CE5A12884C9F004A4390 /* Processor.h */,
				2FB2CE5B12884C9F004A4390 /* Scanner.h */,
				2FB2CE5C12884C9F004A4390 /* Symbol.h */,
				2FB2CE5D12884C9F004A4390 /* Video.h */,
				2FB2CE5E12884C9F004A4390 /* Window.h */,
			);
			path = zbar;
			sourceTree = "<group>";
		};
		2FB2CE6912884C9F004A4390 /* Resources */ = {
			isa = PBXGroup;
			children = (
				2FB2CE6A12884C9F004A4390 /* zbar-back.png */,
				2FB2CE6B12884CA0004A4390 /* zbar-help.html */,
				2FB2CE6C12884CA0004A4390 /* zbar-helpicons.png */,
				2FB2CE6D12884CA0004A4390 /* zbar-samples.png */,
			);
			path = Resources;
			sourceTree = "<group>";
		};
		32C88DFF0371C24200C91783 /* Other Sources */ = {
			isa = PBXGroup;
			children = (
				AA747D9E0F9514B9006C5449 /* ComGoogleCodeTibar_Prefix.pch */,
				24DD6D1B1134B66800162E58 /* titanium.xcconfig */,
			);
			name = "Other Sources";
			sourceTree = "<group>";
		};
/* End PBXGroup section */

/* Begin PBXHeadersBuildPhase section */
		D2AAC07A0554694100DB518D /* Headers */ = {
			isa = PBXHeadersBuildPhase;
			buildActionMask = 2147483647;
			files = (
				AA747D9F0F9514B9006C5449 /* ComGoogleCodeTibar_Prefix.pch in Headers */,
				24DD6CF91134B3F500162E58 /* ComGoogleCodeTibarModule.h in Headers */,
				24DE9E1111C5FE74003F90F6 /* ComGoogleCodeTibarModuleAssets.h in Headers */,
				2FB2CE6E12884CA0004A4390 /* Decoder.h in Headers */,
				2FB2CE6F12884CA0004A4390 /* Exception.h in Headers */,
				2FB2CE7012884CA0004A4390 /* Image.h in Headers */,
				2FB2CE7112884CA0004A4390 /* ImageScanner.h in Headers */,
				2FB2CE7212884CA0004A4390 /* Processor.h in Headers */,
				2FB2CE7312884CA0004A4390 /* Scanner.h in Headers */,
				2FB2CE7412884CA0004A4390 /* Symbol.h in Headers */,
				2FB2CE7512884CA0004A4390 /* Video.h in Headers */,
				2FB2CE7612884CA0004A4390 /* Window.h in Headers */,
				2FB2CE7712884CA0004A4390 /* zbar.h in Headers */,
				2FB2CE7812884CA0004A4390 /* ZBarCaptureReader.h in Headers */,
				2FB2CE7912884CA0004A4390 /* ZBarImage.h in Headers */,
				2FB2CE7A12884CA0004A4390 /* ZBarImageScanner.h in Headers */,
				2FB2CE7B12884CA0004A4390 /* ZBarReaderController.h in Headers */,
				2FB2CE7C12884CA0004A4390 /* ZBarReaderView.h in Headers */,
				2FB2CE7D12884CA0004A4390 /* ZBarReaderViewController.h in Headers */,
				2FB2CE7E12884CA0004A4390 /* ZBarSDK.h in Headers */,
				2FB2CE7F12884CA0004A4390 /* ZBarSymbol.h in Headers */,
			);
			runOnlyForDeploymentPostprocessing = 0;
		};
/* End PBXHeadersBuildPhase section */

/* Begin PBXNativeTarget section */
		D2AAC07D0554694100DB518D /* tibar */ = {
			isa = PBXNativeTarget;
			buildConfigurationList = 1DEB921E08733DC00010E9CD /* Build configuration list for PBXNativeTarget "tibar" */;
			buildPhases = (
				D2AAC07A0554694100DB518D /* Headers */,
				D2AAC07B0554694100DB518D /* Sources */,
				D2AAC07C0554694100DB518D /* Frameworks */,
			);
			buildRules = (
			);
			dependencies = (
			);
			name = tibar;
			productName = tibar;
			productReference = D2AAC07E0554694100DB518D /* libComGoogleCodeTibar.a */;
			productType = "com.apple.product-type.library.static";
		};
/* End PBXNativeTarget section */

/* Begin PBXProject section */
		0867D690FE84028FC02AAC07 /* Project object */ = {
			isa = PBXProject;
			buildConfigurationList = 1DEB922208733DC00010E9CD /* Build configuration list for PBXProject "tibar" */;
			compatibilityVersion = "Xcode 3.1";
			developmentRegion = English;
			hasScannedForEncodings = 1;
			knownRegions = (
				English,
				Japanese,
				French,
				German,
			);
			mainGroup = 0867D691FE84028FC02AAC07 /* tibar */;
			productRefGroup = 034768DFFF38A50411DB9C8B /* Products */;
			projectDirPath = "";
			projectRoot = "";
			targets = (
				D2AAC07D0554694100DB518D /* tibar */,
				24416B8111C4CA220047AFDD /* Build & Test */,
			);
		};
/* End PBXProject section */

/* Begin PBXShellScriptBuildPhase section */
		24416B8011C4CA220047AFDD /* ShellScript */ = {
			isa = PBXShellScriptBuildPhase;
			buildActionMask = 2147483647;
			files = (
			);
			inputPaths = (
			);
			outputPaths = (
			);
			runOnlyForDeploymentPostprocessing = 0;
			shellPath = /bin/sh;
			shellScript = "# shell script goes here\n\npython \"${TITANIUM_SDK}/titanium.py\" run --dir=\"${PROJECT_DIR}\"\nexit $?\n";
		};
/* End PBXShellScriptBuildPhase section */

/* Begin PBXSourcesBuildPhase section */
		D2AAC07B0554694100DB518D /* Sources */ = {
			isa = PBXSourcesBuildPhase;
			buildActionMask = 2147483647;
			files = (
				24DD6CFA1134B3F500162E58 /* ComGoogleCodeTibarModule.m in Sources */,
				24DE9E1211C5FE74003F90F6 /* ComGoogleCodeTibarModuleAssets.m in Sources */,
			);
			runOnlyForDeploymentPostprocessing = 0;
		};
/* End PBXSourcesBuildPhase section */

/* Begin PBXTargetDependency section */
		24416B8511C4CA280047AFDD /* PBXTargetDependency */ = {
			isa = PBXTargetDependency;
			target = D2AAC07D0554694100DB518D /* tibar */;
			targetProxy = 24416B8411C4CA280047AFDD /* PBXContainerItemProxy */;
		};
/* End PBXTargetDependency section */

/* Begin XCBuildConfiguration section */
		1DEB921F08733DC00010E9CD /* Debug */ = {
			isa = XCBuildConfiguration;
			baseConfigurationReference = 24DD6D1B1134B66800162E58 /* titanium.xcconfig */;
			buildSettings = {
				ALWAYS_SEARCH_USER_PATHS = NO;
				ARCHS = "$(ARCHS_STANDARD_32_BIT)";
				COPY_PHASE_STRIP = NO;
				DSTROOT = /tmp/ComGoogleCodeTibar.dst;
				GCC_DYNAMIC_NO_PIC = NO;
				GCC_ENABLE_FIX_AND_CONTINUE = YES;
				GCC_MODEL_TUNING = G5;
				GCC_OPTIMIZATION_LEVEL = 0;
				GCC_PRECOMPILE_PREFIX_HEADER = YES;
				GCC_PREFIX_HEADER = ComGoogleCodeTibar_Prefix.pch;
				INSTALL_PATH = /usr/local/lib;
				LIBRARY_SEARCH_PATHS = (
					"$(inherited)",
					/Volumes/ZBarSDK/ZBarSDK,
					"\"$(SRCROOT)/ZBarSDK\"",
				);
				PRODUCT_NAME = ComGoogleCodeTibar;
			};
			name = Debug;
		};
		1DEB922008733DC00010E9CD /* Release */ = {
			isa = XCBuildConfiguration;
			baseConfigurationReference = 24DD6D1B1134B66800162E58 /* titanium.xcconfig */;
			buildSettings = {
				ALWAYS_SEARCH_USER_PATHS = NO;
				ARCHS = "$(ARCHS_STANDARD_32_BIT)";
				DSTROOT = /tmp/ComGoogleCodeTibar.dst;
				GCC_MODEL_TUNING = G5;
				GCC_PRECOMPILE_PREFIX_HEADER = YES;
				GCC_PREFIX_HEADER = ComGoogleCodeTibar_Prefix.pch;
				INSTALL_PATH = /usr/local/lib;
				LIBRARY_SEARCH_PATHS = (
					"$(inherited)",
					/Volumes/ZBarSDK/ZBarSDK,
					"\"$(SRCROOT)/ZBarSDK\"",
				);
				PRODUCT_NAME = ComGoogleCodeTibar;
			};
			name = Release;
		};
		1DEB922308733DC00010E9CD /* Debug */ = {
			isa = XCBuildConfiguration;
			baseConfigurationReference = 24DD6D1B1134B66800162E58 /* titanium.xcconfig */;
			buildSettings = {
				ARCHS = "$(ARCHS_STANDARD_32_BIT)";
				GCC_C_LANGUAGE_STANDARD = c99;
				GCC_OPTIMIZATION_LEVEL = 0;
				GCC_WARN_ABOUT_RETURN_TYPE = YES;
				GCC_WARN_UNUSED_VARIABLE = YES;
				OTHER_LDFLAGS = "";
				PREBINDING = NO;
				SDKROOT = iphoneos4.1;
			};
			name = Debug;
		};
		1DEB922408733DC00010E9CD /* Release */ = {
			isa = XCBuildConfiguration;
			baseConfigurationReference = 24DD6D1B1134B66800162E58 /* titanium.xcconfig */;
			buildSettings = {
				ARCHS = "$(ARCHS_STANDARD_32_BIT)";
				GCC_C_LANGUAGE_STANDARD = c99;
				GCC_WARN_ABOUT_RETURN_TYPE = YES;
				GCC_WARN_UNUSED_VARIABLE = YES;
				OTHER_LDFLAGS = "";
				PREBINDING = NO;
				SDKROOT = iphoneos4.1;
			};
			name = Release;
		};
		24416B8211C4CA220047AFDD /* Debug */ = {
			isa = XCBuildConfiguration;
			baseConfigurationReference = 24DD6D1B1134B66800162E58 /* titanium.xcconfig */;
			buildSettings = {
				COPY_PHASE_STRIP = NO;
				GCC_DYNAMIC_NO_PIC = NO;
				GCC_OPTIMIZATION_LEVEL = 0;
				PRODUCT_NAME = "Build & test";
			};
			name = Debug;
		};
		24416B8311C4CA220047AFDD /* Release */ = {
			isa = XCBuildConfiguration;
			baseConfigurationReference = 24DD6D1B1134B66800162E58 /* titanium.xcconfig */;
			buildSettings = {
				COPY_PHASE_STRIP = YES;
				DEBUG_INFORMATION_FORMAT = "dwarf-with-dsym";
				GCC_ENABLE_FIX_AND_CONTINUE = NO;
				PRODUCT_NAME = "Build & test";
				ZERO_LINK = NO;
			};
			name = Release;
		};
/* End XCBuildConfiguration section */

/* Begin XCConfigurationList section */
		1DEB921E08733DC00010E9CD /* Build configuration list for PBXNativeTarget "tibar" */ = {
			isa = XCConfigurationList;
			buildConfigurations = (
				1DEB921F08733DC00010E9CD /* Debug */,
				1DEB922008733DC00010E9CD /* Release */,
			);
			defaultConfigurationIsVisible = 0;
			defaultConfigurationName = Release;
		};
		1DEB922208733DC00010E9CD /* Build configuration list for PBXProject "tibar" */ = {
			isa = XCConfigurationList;
			buildConfigurations = (
				1DEB922308733DC00010E9CD /* Debug */,
				1DEB922408733DC00010E9CD /* Release */,
			);
			defaultConfigurationIsVisible = 0;
			defaultConfigurationName = Release;
		};
		24416B8A11C4CA520047AFDD /* Build configuration list for PBXAggregateTarget "Build & Test" */ = {
			isa = XCConfigurationList;
			buildConfigurations = (
				24416B8211C4CA220047AFDD /* Debug */,
				24416B8311C4CA220047AFDD /* Release */,
			);
			defaultConfigurationIsVisible = 0;
			defaultConfigurationName = Release;
		};
/* End XCConfigurationList section */
	};
	rootObject = 0867D690FE84028FC02AAC07 /* Project object */;
}
